// !$*UTF8*$!
{
	archiveVersion = 1;
	classes = {
	};
	objectVersion = 50;
	objects = {

/* Begin PBXBuildFile section */
		50EF1563209CC22F00A184F4 /* AppDelegate.swift in Sources */ = {isa = PBXBuildFile; fileRef = 50EF1562209CC22F00A184F4 /* AppDelegate.swift */; };
		50EF1565209CC22F00A184F4 /* ViewController.swift in Sources */ = {isa = PBXBuildFile; fileRef = 50EF1564209CC22F00A184F4 /* ViewController.swift */; };
		50EF1568209CC22F00A184F4 /* Main.storyboard in Resources */ = {isa = PBXBuildFile; fileRef = 50EF1566209CC22F00A184F4 /* Main.storyboard */; };
		50EF156A209CC23100A184F4 /* Assets.xcassets in Resources */ = {isa = PBXBuildFile; fileRef = 50EF1569209CC23100A184F4 /* Assets.xcassets */; };
		50EF156D209CC23100A184F4 /* LaunchScreen.storyboard in Resources */ = {isa = PBXBuildFile; fileRef = 50EF156B209CC23100A184F4 /* LaunchScreen.storyboard */; };
		50EF1575209CC4C300A184F4 /* GoogleService-Info.plist in Resources */ = {isa = PBXBuildFile; fileRef = 50EF1574209CC4C300A184F4 /* GoogleService-Info.plist */; };
		50EF157C209CC55000A184F4 /* Interface.storyboard in Resources */ = {isa = PBXBuildFile; fileRef = 50EF157A209CC55000A184F4 /* Interface.storyboard */; };
		50EF157E209CC55100A184F4 /* Assets.xcassets in Resources */ = {isa = PBXBuildFile; fileRef = 50EF157D209CC55100A184F4 /* Assets.xcassets */; };
		50EF1585209CC55100A184F4 /* TigoWatch Extension.appex in Embed App Extensions */ = {isa = PBXBuildFile; fileRef = 50EF1584209CC55100A184F4 /* TigoWatch Extension.appex */; settings = {ATTRIBUTES = (RemoveHeadersOnCopy, ); }; };
		50EF158A209CC55100A184F4 /* InterfaceController.swift in Sources */ = {isa = PBXBuildFile; fileRef = 50EF1589209CC55100A184F4 /* InterfaceController.swift */; };
		50EF158C209CC55100A184F4 /* ExtensionDelegate.swift in Sources */ = {isa = PBXBuildFile; fileRef = 50EF158B209CC55100A184F4 /* ExtensionDelegate.swift */; };
		50EF158E209CC55100A184F4 /* NotificationController.swift in Sources */ = {isa = PBXBuildFile; fileRef = 50EF158D209CC55100A184F4 /* NotificationController.swift */; };
		50EF1590209CC55100A184F4 /* Assets.xcassets in Resources */ = {isa = PBXBuildFile; fileRef = 50EF158F209CC55100A184F4 /* Assets.xcassets */; };
		50EF1595209CC55100A184F4 /* TigoWatch.app in Embed Watch Content */ = {isa = PBXBuildFile; fileRef = 50EF1578209CC55000A184F4 /* TigoWatch.app */; };
		AC3A07C24B93FD0F02B50758 /* Pods_Tigo.framework in Frameworks */ = {isa = PBXBuildFile; fileRef = 4B5D6D275D5BFACD23EA80D4 /* Pods_Tigo.framework */; };
/* End PBXBuildFile section */

/* Begin PBXContainerItemProxy section */
		50EF1586209CC55100A184F4 /* PBXContainerItemProxy */ = {
			isa = PBXContainerItemProxy;
			containerPortal = 50EF1557209CC22F00A184F4 /* Project object */;
			proxyType = 1;
			remoteGlobalIDString = 50EF1583209CC55100A184F4;
			remoteInfo = "TigoWatch Extension";
		};
		50EF1593209CC55100A184F4 /* PBXContainerItemProxy */ = {
			isa = PBXContainerItemProxy;
			containerPortal = 50EF1557209CC22F00A184F4 /* Project object */;
			proxyType = 1;
			remoteGlobalIDString = 50EF1577209CC55000A184F4;
			remoteInfo = TigoWatch;
		};
/* End PBXContainerItemProxy section */

/* Begin PBXCopyFilesBuildPhase section */
		50EF1599209CC55100A184F4 /* Embed App Extensions */ = {
			isa = PBXCopyFilesBuildPhase;
			buildActionMask = 2147483647;
			dstPath = "";
			dstSubfolderSpec = 13;
			files = (
				50EF1585209CC55100A184F4 /* TigoWatch Extension.appex in Embed App Extensions */,
			);
			name = "Embed App Extensions";
			runOnlyForDeploymentPostprocessing = 0;
		};
		50EF159D209CC55100A184F4 /* Embed Watch Content */ = {
			isa = PBXCopyFilesBuildPhase;
			buildActionMask = 2147483647;
			dstPath = "$(CONTENTS_FOLDER_PATH)/Watch";
			dstSubfolderSpec = 16;
			files = (
				50EF1595209CC55100A184F4 /* TigoWatch.app in Embed Watch Content */,
			);
			name = "Embed Watch Content";
			runOnlyForDeploymentPostprocessing = 0;
		};
/* End PBXCopyFilesBuildPhase section */

/* Begin PBXFileReference section */
		2C8F50C044274F92A6362642 /* Pods-Tigo.release.xcconfig */ = {isa = PBXFileReference; includeInIndex = 1; lastKnownFileType = text.xcconfig; name = "Pods-Tigo.release.xcconfig"; path = "Pods/Target Support Files/Pods-Tigo/Pods-Tigo.release.xcconfig"; sourceTree = "<group>"; };
		4B5D6D275D5BFACD23EA80D4 /* Pods_Tigo.framework */ = {isa = PBXFileReference; explicitFileType = wrapper.framework; includeInIndex = 0; path = Pods_Tigo.framework; sourceTree = BUILT_PRODUCTS_DIR; };
		50EF155F209CC22F00A184F4 /* Tigo.app */ = {isa = PBXFileReference; explicitFileType = wrapper.application; includeInIndex = 0; path = Tigo.app; sourceTree = BUILT_PRODUCTS_DIR; };
		50EF1562209CC22F00A184F4 /* AppDelegate.swift */ = {isa = PBXFileReference; lastKnownFileType = sourcecode.swift; path = AppDelegate.swift; sourceTree = "<group>"; };
		50EF1564209CC22F00A184F4 /* ViewController.swift */ = {isa = PBXFileReference; lastKnownFileType = sourcecode.swift; path = ViewController.swift; sourceTree = "<group>"; };
		50EF1567209CC22F00A184F4 /* Base */ = {isa = PBXFileReference; lastKnownFileType = file.storyboard; name = Base; path = Base.lproj/Main.storyboard; sourceTree = "<group>"; };
		50EF1569209CC23100A184F4 /* Assets.xcassets */ = {isa = PBXFileReference; lastKnownFileType = folder.assetcatalog; path = Assets.xcassets; sourceTree = "<group>"; };
		50EF156C209CC23100A184F4 /* Base */ = {isa = PBXFileReference; lastKnownFileType = file.storyboard; name = Base; path = Base.lproj/LaunchScreen.storyboard; sourceTree = "<group>"; };
		50EF156E209CC23100A184F4 /* Info.plist */ = {isa = PBXFileReference; lastKnownFileType = text.plist.xml; path = Info.plist; sourceTree = "<group>"; };
		50EF1574209CC4C300A184F4 /* GoogleService-Info.plist */ = {isa = PBXFileReference; fileEncoding = 4; lastKnownFileType = text.plist.xml; path = "GoogleService-Info.plist"; sourceTree = "<group>"; };
		50EF1578209CC55000A184F4 /* TigoWatch.app */ = {isa = PBXFileReference; explicitFileType = wrapper.application; includeInIndex = 0; path = TigoWatch.app; sourceTree = BUILT_PRODUCTS_DIR; };
		50EF157B209CC55000A184F4 /* Base */ = {isa = PBXFileReference; lastKnownFileType = file.storyboard; name = Base; path = Base.lproj/Interface.storyboard; sourceTree = "<group>"; };
		50EF157D209CC55100A184F4 /* Assets.xcassets */ = {isa = PBXFileReference; lastKnownFileType = folder.assetcatalog; path = Assets.xcassets; sourceTree = "<group>"; };
		50EF157F209CC55100A184F4 /* Info.plist */ = {isa = PBXFileReference; lastKnownFileType = text.plist.xml; path = Info.plist; sourceTree = "<group>"; };
		50EF1584209CC55100A184F4 /* TigoWatch Extension.appex */ = {isa = PBXFileReference; explicitFileType = "wrapper.app-extension"; includeInIndex = 0; path = "TigoWatch Extension.appex"; sourceTree = BUILT_PRODUCTS_DIR; };
		50EF1589209CC55100A184F4 /* InterfaceController.swift */ = {isa = PBXFileReference; lastKnownFileType = sourcecode.swift; path = InterfaceController.swift; sourceTree = "<group>"; };
		50EF158B209CC55100A184F4 /* ExtensionDelegate.swift */ = {isa = PBXFileReference; lastKnownFileType = sourcecode.swift; path = ExtensionDelegate.swift; sourceTree = "<group>"; };
		50EF158D209CC55100A184F4 /* NotificationController.swift */ = {isa = PBXFileReference; lastKnownFileType = sourcecode.swift; path = NotificationController.swift; sourceTree = "<group>"; };
		50EF158F209CC55100A184F4 /* Assets.xcassets */ = {isa = PBXFileReference; lastKnownFileType = folder.assetcatalog; path = Assets.xcassets; sourceTree = "<group>"; };
		50EF1591209CC55100A184F4 /* Info.plist */ = {isa = PBXFileReference; lastKnownFileType = text.plist.xml; path = Info.plist; sourceTree = "<group>"; };
		50EF1592209CC55100A184F4 /* PushNotificationPayload.apns */ = {isa = PBXFileReference; lastKnownFileType = text; path = PushNotificationPayload.apns; sourceTree = "<group>"; };
		50EF159E209D008700A184F4 /* Tigo.entitlements */ = {isa = PBXFileReference; lastKnownFileType = text.plist.entitlements; path = Tigo.entitlements; sourceTree = "<group>"; };
		83E841274C383307DD7EC1C2 /* Pods-Tigo.debug.xcconfig */ = {isa = PBXFileReference; includeInIndex = 1; lastKnownFileType = text.xcconfig; name = "Pods-Tigo.debug.xcconfig"; path = "Pods/Target Support Files/Pods-Tigo/Pods-Tigo.debug.xcconfig"; sourceTree = "<group>"; };
/* End PBXFileReference section */

/* Begin PBXFrameworksBuildPhase section */
		50EF155C209CC22F00A184F4 /* Frameworks */ = {
			isa = PBXFrameworksBuildPhase;
			buildActionMask = 2147483647;
			files = (
				AC3A07C24B93FD0F02B50758 /* Pods_Tigo.framework in Frameworks */,
			);
			runOnlyForDeploymentPostprocessing = 0;
		};
		50EF1581209CC55100A184F4 /* Frameworks */ = {
			isa = PBXFrameworksBuildPhase;
			buildActionMask = 2147483647;
			files = (
			);
			runOnlyForDeploymentPostprocessing = 0;
		};
		E425344DE815546D4047FF50 /* Frameworks */ = {
			isa = PBXFrameworksBuildPhase;
			buildActionMask = 2147483647;
			files = (
			);
			runOnlyForDeploymentPostprocessing = 0;
		};
/* End PBXFrameworksBuildPhase section */

/* Begin PBXGroup section */
		2AA4B167C5FCB3A1E746A122 /* Frameworks */ = {
			isa = PBXGroup;
			children = (
				4B5D6D275D5BFACD23EA80D4 /* Pods_Tigo.framework */,
			);
			name = Frameworks;
			sourceTree = "<group>";
		};
		3B9AD370E8E0AF872CD031EF /* Pods */ = {
			isa = PBXGroup;
			children = (
				83E841274C383307DD7EC1C2 /* Pods-Tigo.debug.xcconfig */,
				2C8F50C044274F92A6362642 /* Pods-Tigo.release.xcconfig */,
			);
			name = Pods;
			sourceTree = "<group>";
		};
		50EF1556209CC22F00A184F4 = {
			isa = PBXGroup;
			children = (
				50EF1561209CC22F00A184F4 /* Tigo */,
				50EF1579209CC55000A184F4 /* TigoWatch */,
				50EF1588209CC55100A184F4 /* TigoWatch Extension */,
				50EF1560209CC22F00A184F4 /* Products */,
				3B9AD370E8E0AF872CD031EF /* Pods */,
				2AA4B167C5FCB3A1E746A122 /* Frameworks */,
			);
			sourceTree = "<group>";
		};
		50EF1560209CC22F00A184F4 /* Products */ = {
			isa = PBXGroup;
			children = (
				50EF155F209CC22F00A184F4 /* Tigo.app */,
				50EF1578209CC55000A184F4 /* TigoWatch.app */,
				50EF1584209CC55100A184F4 /* TigoWatch Extension.appex */,
			);
			name = Products;
			sourceTree = "<group>";
		};
		50EF1561209CC22F00A184F4 /* Tigo */ = {
			isa = PBXGroup;
			children = (
				50EF159E209D008700A184F4 /* Tigo.entitlements */,
				50EF1562209CC22F00A184F4 /* AppDelegate.swift */,
				50EF1564209CC22F00A184F4 /* ViewController.swift */,
				50EF1566209CC22F00A184F4 /* Main.storyboard */,
				50EF1569209CC23100A184F4 /* Assets.xcassets */,
				50EF156B209CC23100A184F4 /* LaunchScreen.storyboard */,
				50EF156E209CC23100A184F4 /* Info.plist */,
				50EF1574209CC4C300A184F4 /* GoogleService-Info.plist */,
			);
			path = Tigo;
			sourceTree = "<group>";
		};
		50EF1579209CC55000A184F4 /* TigoWatch */ = {
			isa = PBXGroup;
			children = (
				50EF157A209CC55000A184F4 /* Interface.storyboard */,
				50EF157D209CC55100A184F4 /* Assets.xcassets */,
				50EF157F209CC55100A184F4 /* Info.plist */,
			);
			path = TigoWatch;
			sourceTree = "<group>";
		};
		50EF1588209CC55100A184F4 /* TigoWatch Extension */ = {
			isa = PBXGroup;
			children = (
				50EF1589209CC55100A184F4 /* InterfaceController.swift */,
				50EF158B209CC55100A184F4 /* ExtensionDelegate.swift */,
				50EF158D209CC55100A184F4 /* NotificationController.swift */,
				50EF158F209CC55100A184F4 /* Assets.xcassets */,
				50EF1591209CC55100A184F4 /* Info.plist */,
				50EF1592209CC55100A184F4 /* PushNotificationPayload.apns */,
			);
			path = "TigoWatch Extension";
			sourceTree = "<group>";
		};
/* End PBXGroup section */

/* Begin PBXNativeTarget section */
		50EF155E209CC22F00A184F4 /* Tigo */ = {
			isa = PBXNativeTarget;
			buildConfigurationList = 50EF1571209CC23100A184F4 /* Build configuration list for PBXNativeTarget "Tigo" */;
			buildPhases = (
				BF50CFEAF62857EB9B533F18 /* [CP] Check Pods Manifest.lock */,
				50EF155B209CC22F00A184F4 /* Sources */,
				50EF155C209CC22F00A184F4 /* Frameworks */,
				50EF155D209CC22F00A184F4 /* Resources */,
				59773618E003DA243ADF7ACE /* [CP] Embed Pods Frameworks */,
				50EF159D209CC55100A184F4 /* Embed Watch Content */,
			);
			buildRules = (
			);
			dependencies = (
				50EF1594209CC55100A184F4 /* PBXTargetDependency */,
			);
			name = Tigo;
			productName = Tigo;
			productReference = 50EF155F209CC22F00A184F4 /* Tigo.app */;
			productType = "com.apple.product-type.application";
		};
		50EF1577209CC55000A184F4 /* TigoWatch */ = {
			isa = PBXNativeTarget;
			buildConfigurationList = 50EF159A209CC55100A184F4 /* Build configuration list for PBXNativeTarget "TigoWatch" */;
			buildPhases = (
				50EF1576209CC55000A184F4 /* Resources */,
				50EF1599209CC55100A184F4 /* Embed App Extensions */,
				E425344DE815546D4047FF50 /* Frameworks */,
			);
			buildRules = (
			);
			dependencies = (
				50EF1587209CC55100A184F4 /* PBXTargetDependency */,
			);
			name = TigoWatch;
			productName = TigoWatch;
			productReference = 50EF1578209CC55000A184F4 /* TigoWatch.app */;
			productType = "com.apple.product-type.application.watchapp2";
		};
		50EF1583209CC55100A184F4 /* TigoWatch Extension */ = {
			isa = PBXNativeTarget;
			buildConfigurationList = 50EF1596209CC55100A184F4 /* Build configuration list for PBXNativeTarget "TigoWatch Extension" */;
			buildPhases = (
				50EF1580209CC55100A184F4 /* Sources */,
				50EF1581209CC55100A184F4 /* Frameworks */,
				50EF1582209CC55100A184F4 /* Resources */,
			);
			buildRules = (
			);
			dependencies = (
			);
			name = "TigoWatch Extension";
			productName = "TigoWatch Extension";
			productReference = 50EF1584209CC55100A184F4 /* TigoWatch Extension.appex */;
			productType = "com.apple.product-type.watchkit2-extension";
		};
/* End PBXNativeTarget section */

/* Begin PBXProject section */
		50EF1557209CC22F00A184F4 /* Project object */ = {
			isa = PBXProject;
			attributes = {
				LastSwiftUpdateCheck = 0930;
				LastUpgradeCheck = 0930;
				ORGANIZATIONNAME = "Jordan Capa";
				TargetAttributes = {
					50EF155E209CC22F00A184F4 = {
						CreatedOnToolsVersion = 9.3;
						SystemCapabilities = {
							com.apple.Push = {
								enabled = 1;
							};
						};
					};
					50EF1577209CC55000A184F4 = {
						CreatedOnToolsVersion = 9.3;
					};
					50EF1583209CC55100A184F4 = {
						CreatedOnToolsVersion = 9.3;
					};
				};
			};
			buildConfigurationList = 50EF155A209CC22F00A184F4 /* Build configuration list for PBXProject "Tigo" */;
			compatibilityVersion = "Xcode 9.3";
			developmentRegion = en;
			hasScannedForEncodings = 0;
			knownRegions = (
				en,
				Base,
			);
			mainGroup = 50EF1556209CC22F00A184F4;
			productRefGroup = 50EF1560209CC22F00A184F4 /* Products */;
			projectDirPath = "";
			projectRoot = "";
			targets = (
				50EF155E209CC22F00A184F4 /* Tigo */,
				50EF1577209CC55000A184F4 /* TigoWatch */,
				50EF1583209CC55100A184F4 /* TigoWatch Extension */,
			);
		};
/* End PBXProject section */

/* Begin PBXResourcesBuildPhase section */
		50EF155D209CC22F00A184F4 /* Resources */ = {
			isa = PBXResourcesBuildPhase;
			buildActionMask = 2147483647;
			files = (
				50EF156D209CC23100A184F4 /* LaunchScreen.storyboard in Resources */,
				50EF1575209CC4C300A184F4 /* GoogleService-Info.plist in Resources */,
				50EF156A209CC23100A184F4 /* Assets.xcassets in Resources */,
				50EF1568209CC22F00A184F4 /* Main.storyboard in Resources */,
			);
			runOnlyForDeploymentPostprocessing = 0;
		};
		50EF1576209CC55000A184F4 /* Resources */ = {
			isa = PBXResourcesBuildPhase;
			buildActionMask = 2147483647;
			files = (
				50EF157E209CC55100A184F4 /* Assets.xcassets in Resources */,
				50EF157C209CC55000A184F4 /* Interface.storyboard in Resources */,
			);
			runOnlyForDeploymentPostprocessing = 0;
		};
		50EF1582209CC55100A184F4 /* Resources */ = {
			isa = PBXResourcesBuildPhase;
			buildActionMask = 2147483647;
			files = (
				50EF1590209CC55100A184F4 /* Assets.xcassets in Resources */,
			);
			runOnlyForDeploymentPostprocessing = 0;
		};
/* End PBXResourcesBuildPhase section */

/* Begin PBXShellScriptBuildPhase section */
		59773618E003DA243ADF7ACE /* [CP] Embed Pods Frameworks */ = {
			isa = PBXShellScriptBuildPhase;
			buildActionMask = 2147483647;
			files = (
			);
			inputPaths = (
				"${SRCROOT}/Pods/Target Support Files/Pods-Tigo/Pods-Tigo-frameworks.sh",
				"${BUILT_PRODUCTS_DIR}/GoogleToolboxForMac/GoogleToolboxForMac.framework",
				"${BUILT_PRODUCTS_DIR}/Protobuf/Protobuf.framework",
				"${BUILT_PRODUCTS_DIR}/nanopb/nanopb.framework",
			);
			name = "[CP] Embed Pods Frameworks";
			outputPaths = (
				"${TARGET_BUILD_DIR}/${FRAMEWORKS_FOLDER_PATH}/GoogleToolboxForMac.framework",
				"${TARGET_BUILD_DIR}/${FRAMEWORKS_FOLDER_PATH}/Protobuf.framework",
				"${TARGET_BUILD_DIR}/${FRAMEWORKS_FOLDER_PATH}/nanopb.framework",
			);
			runOnlyForDeploymentPostprocessing = 0;
			shellPath = /bin/sh;
			shellScript = "\"${SRCROOT}/Pods/Target Support Files/Pods-Tigo/Pods-Tigo-frameworks.sh\"\n";
			showEnvVarsInLog = 0;
		};
		BF50CFEAF62857EB9B533F18 /* [CP] Check Pods Manifest.lock */ = {
			isa = PBXShellScriptBuildPhase;
			buildActionMask = 2147483647;
			files = (
			);
			inputPaths = (
				"${PODS_PODFILE_DIR_PATH}/Podfile.lock",
				"${PODS_ROOT}/Manifest.lock",
			);
			name = "[CP] Check Pods Manifest.lock";
			outputPaths = (
				"$(DERIVED_FILE_DIR)/Pods-Tigo-checkManifestLockResult.txt",
			);
			runOnlyForDeploymentPostprocessing = 0;
			shellPath = /bin/sh;
			shellScript = "diff \"${PODS_PODFILE_DIR_PATH}/Podfile.lock\" \"${PODS_ROOT}/Manifest.lock\" > /dev/null\nif [ $? != 0 ] ; then\n    # print error to STDERR\n    echo \"error: The sandbox is not in sync with the Podfile.lock. Run 'pod install' or update your CocoaPods installation.\" >&2\n    exit 1\nfi\n# This output is used by Xcode 'outputs' to avoid re-running this script phase.\necho \"SUCCESS\" > \"${SCRIPT_OUTPUT_FILE_0}\"\n";
			showEnvVarsInLog = 0;
		};
/* End PBXShellScriptBuildPhase section */

/* Begin PBXSourcesBuildPhase section */
		50EF155B209CC22F00A184F4 /* Sources */ = {
			isa = PBXSourcesBuildPhase;
			buildActionMask = 2147483647;
			files = (
				50EF1565209CC22F00A184F4 /* ViewController.swift in Sources */,
				50EF1563209CC22F00A184F4 /* AppDelegate.swift in Sources */,
			);
			runOnlyForDeploymentPostprocessing = 0;
		};
		50EF1580209CC55100A184F4 /* Sources */ = {
			isa = PBXSourcesBuildPhase;
			buildActionMask = 2147483647;
			files = (
				50EF158E209CC55100A184F4 /* NotificationController.swift in Sources */,
				50EF158C209CC55100A184F4 /* ExtensionDelegate.swift in Sources */,
				50EF158A209CC55100A184F4 /* InterfaceController.swift in Sources */,
			);
			runOnlyForDeploymentPostprocessing = 0;
		};
/* End PBXSourcesBuildPhase section */

/* Begin PBXTargetDependency section */
		50EF1587209CC55100A184F4 /* PBXTargetDependency */ = {
			isa = PBXTargetDependency;
			target = 50EF1583209CC55100A184F4 /* TigoWatch Extension */;
			targetProxy = 50EF1586209CC55100A184F4 /* PBXContainerItemProxy */;
		};
		50EF1594209CC55100A184F4 /* PBXTargetDependency */ = {
			isa = PBXTargetDependency;
			target = 50EF1577209CC55000A184F4 /* TigoWatch */;
			targetProxy = 50EF1593209CC55100A184F4 /* PBXContainerItemProxy */;
		};
/* End PBXTargetDependency section */

/* Begin PBXVariantGroup section */
		50EF1566209CC22F00A184F4 /* Main.storyboard */ = {
			isa = PBXVariantGroup;
			children = (
				50EF1567209CC22F00A184F4 /* Base */,
			);
			name = Main.storyboard;
			sourceTree = "<group>";
		};
		50EF156B209CC23100A184F4 /* LaunchScreen.storyboard */ = {
			isa = PBXVariantGroup;
			children = (
				50EF156C209CC23100A184F4 /* Base */,
			);
			name = LaunchScreen.storyboard;
			sourceTree = "<group>";
		};
		50EF157A209CC55000A184F4 /* Interface.storyboard */ = {
			isa = PBXVariantGroup;
			children = (
				50EF157B209CC55000A184F4 /* Base */,
			);
			name = Interface.storyboard;
			sourceTree = "<group>";
		};
/* End PBXVariantGroup section */

/* Begin XCBuildConfiguration section */
		50EF156F209CC23100A184F4 /* Debug */ = {
			isa = XCBuildConfiguration;
			buildSettings = {
				ALWAYS_SEARCH_USER_PATHS = NO;
				CLANG_ANALYZER_NONNULL = YES;
				CLANG_ANALYZER_NUMBER_OBJECT_CONVERSION = YES_AGGRESSIVE;
				CLANG_CXX_LANGUAGE_STANDARD = "gnu++14";
				CLANG_CXX_LIBRARY = "libc++";
				CLANG_ENABLE_MODULES = YES;
				CLANG_ENABLE_OBJC_ARC = YES;
				CLANG_ENABLE_OBJC_WEAK = YES;
				CLANG_WARN_BLOCK_CAPTURE_AUTORELEASING = YES;
				CLANG_WARN_BOOL_CONVERSION = YES;
				CLANG_WARN_COMMA = YES;
				CLANG_WARN_CONSTANT_CONVERSION = YES;
				CLANG_WARN_DEPRECATED_OBJC_IMPLEMENTATIONS = YES;
				CLANG_WARN_DIRECT_OBJC_ISA_USAGE = YES_ERROR;
				CLANG_WARN_DOCUMENTATION_COMMENTS = YES;
				CLANG_WARN_EMPTY_BODY = YES;
				CLANG_WARN_ENUM_CONVERSION = YES;
				CLANG_WARN_INFINITE_RECURSION = YES;
				CLANG_WARN_INT_CONVERSION = YES;
				CLANG_WARN_NON_LITERAL_NULL_CONVERSION = YES;
				CLANG_WARN_OBJC_IMPLICIT_RETAIN_SELF = YES;
				CLANG_WARN_OBJC_LITERAL_CONVERSION = YES;
				CLANG_WARN_OBJC_ROOT_CLASS = YES_ERROR;
				CLANG_WARN_RANGE_LOOP_ANALYSIS = YES;
				CLANG_WARN_STRICT_PROTOTYPES = YES;
				CLANG_WARN_SUSPICIOUS_MOVE = YES;
				CLANG_WARN_UNGUARDED_AVAILABILITY = YES_AGGRESSIVE;
				CLANG_WARN_UNREACHABLE_CODE = YES;
				CLANG_WARN__DUPLICATE_METHOD_MATCH = YES;
				CODE_SIGN_IDENTITY = "iPhone Developer";
				COPY_PHASE_STRIP = NO;
				DEBUG_INFORMATION_FORMAT = dwarf;
				ENABLE_STRICT_OBJC_MSGSEND = YES;
				ENABLE_TESTABILITY = YES;
				GCC_C_LANGUAGE_STANDARD = gnu11;
				GCC_DYNAMIC_NO_PIC = NO;
				GCC_NO_COMMON_BLOCKS = YES;
				GCC_OPTIMIZATION_LEVEL = 0;
				GCC_PREPROCESSOR_DEFINITIONS = (
					"DEBUG=1",
					"$(inherited)",
				);
				GCC_WARN_64_TO_32_BIT_CONVERSION = YES;
				GCC_WARN_ABOUT_RETURN_TYPE = YES_ERROR;
				GCC_WARN_UNDECLARED_SELECTOR = YES;
				GCC_WARN_UNINITIALIZED_AUTOS = YES_AGGRESSIVE;
				GCC_WARN_UNUSED_FUNCTION = YES;
				GCC_WARN_UNUSED_VARIABLE = YES;
				IPHONEOS_DEPLOYMENT_TARGET = 11.3;
				MTL_ENABLE_DEBUG_INFO = YES;
				ONLY_ACTIVE_ARCH = YES;
				SDKROOT = iphoneos;
				SWIFT_ACTIVE_COMPILATION_CONDITIONS = DEBUG;
				SWIFT_OPTIMIZATION_LEVEL = "-Onone";
			};
			name = Debug;
		};
		50EF1570209CC23100A184F4 /* Release */ = {
			isa = XCBuildConfiguration;
			buildSettings = {
				ALWAYS_SEARCH_USER_PATHS = NO;
				CLANG_ANALYZER_NONNULL = YES;
				CLANG_ANALYZER_NUMBER_OBJECT_CONVERSION = YES_AGGRESSIVE;
				CLANG_CXX_LANGUAGE_STANDARD = "gnu++14";
				CLANG_CXX_LIBRARY = "libc++";
				CLANG_ENABLE_MODULES = YES;
				CLANG_ENABLE_OBJC_ARC = YES;
				CLANG_ENABLE_OBJC_WEAK = YES;
				CLANG_WARN_BLOCK_CAPTURE_AUTORELEASING = YES;
				CLANG_WARN_BOOL_CONVERSION = YES;
				CLANG_WARN_COMMA = YES;
				CLANG_WARN_CONSTANT_CONVERSION = YES;
				CLANG_WARN_DEPRECATED_OBJC_IMPLEMENTATIONS = YES;
				CLANG_WARN_DIRECT_OBJC_ISA_USAGE = YES_ERROR;
				CLANG_WARN_DOCUMENTATION_COMMENTS = YES;
				CLANG_WARN_EMPTY_BODY = YES;
				CLANG_WARN_ENUM_CONVERSION = YES;
				CLANG_WARN_INFINITE_RECURSION = YES;
				CLANG_WARN_INT_CONVERSION = YES;
				CLANG_WARN_NON_LITERAL_NULL_CONVERSION = YES;
				CLANG_WARN_OBJC_IMPLICIT_RETAIN_SELF = YES;
				CLANG_WARN_OBJC_LITERAL_CONVERSION = YES;
				CLANG_WARN_OBJC_ROOT_CLASS = YES_ERROR;
				CLANG_WARN_RANGE_LOOP_ANALYSIS = YES;
				CLANG_WARN_STRICT_PROTOTYPES = YES;
				CLANG_WARN_SUSPICIOUS_MOVE = YES;
				CLANG_WARN_UNGUARDED_AVAILABILITY = YES_AGGRESSIVE;
				CLANG_WARN_UNREACHABLE_CODE = YES;
				CLANG_WARN__DUPLICATE_METHOD_MATCH = YES;
				CODE_SIGN_IDENTITY = "iPhone Developer";
				COPY_PHASE_STRIP = NO;
				DEBUG_INFORMATION_FORMAT = "dwarf-with-dsym";
				ENABLE_NS_ASSERTIONS = NO;
				ENABLE_STRICT_OBJC_MSGSEND = YES;
				GCC_C_LANGUAGE_STANDARD = gnu11;
				GCC_NO_COMMON_BLOCKS = YES;
				GCC_WARN_64_TO_32_BIT_CONVERSION = YES;
				GCC_WARN_ABOUT_RETURN_TYPE = YES_ERROR;
				GCC_WARN_UNDECLARED_SELECTOR = YES;
				GCC_WARN_UNINITIALIZED_AUTOS = YES_AGGRESSIVE;
				GCC_WARN_UNUSED_FUNCTION = YES;
				GCC_WARN_UNUSED_VARIABLE = YES;
				IPHONEOS_DEPLOYMENT_TARGET = 11.3;
				MTL_ENABLE_DEBUG_INFO = NO;
				SDKROOT = iphoneos;
				SWIFT_COMPILATION_MODE = wholemodule;
				SWIFT_OPTIMIZATION_LEVEL = "-O";
				VALIDATE_PRODUCT = YES;
			};
			name = Release;
		};
		50EF1572209CC23100A184F4 /* Debug */ = {
			isa = XCBuildConfiguration;
			baseConfigurationReference = 83E841274C383307DD7EC1C2 /* Pods-Tigo.debug.xcconfig */;
			buildSettings = {
				ASSETCATALOG_COMPILER_APPICON_NAME = AppIcon;
				CODE_SIGN_ENTITLEMENTS = Tigo/Tigo.entitlements;
				CODE_SIGN_STYLE = Automatic;
				DEVELOPMENT_TEAM = 778N4TU227;
				INFOPLIST_FILE = Tigo/Info.plist;
				LD_RUNPATH_SEARCH_PATHS = (
					"$(inherited)",
					"@executable_path/Frameworks",
				);
				PRODUCT_BUNDLE_IDENTIFIER = com.jcapasix.Tigo;
				PRODUCT_NAME = "$(TARGET_NAME)";
				SWIFT_VERSION = 4.0;
				TARGETED_DEVICE_FAMILY = "1,2";
			};
			name = Debug;
		};
		50EF1573209CC23100A184F4 /* Release */ = {
			isa = XCBuildConfiguration;
			baseConfigurationReference = 2C8F50C044274F92A6362642 /* Pods-Tigo.release.xcconfig */;
			buildSettings = {
				ASSETCATALOG_COMPILER_APPICON_NAME = AppIcon;
				CODE_SIGN_ENTITLEMENTS = Tigo/Tigo.entitlements;
				CODE_SIGN_STYLE = Automatic;
				DEVELOPMENT_TEAM = 778N4TU227;
				INFOPLIST_FILE = Tigo/Info.plist;
				LD_RUNPATH_SEARCH_PATHS = (
					"$(inherited)",
					"@executable_path/Frameworks",
				);
				PRODUCT_BUNDLE_IDENTIFIER = com.jcapasix.Tigo;
				PRODUCT_NAME = "$(TARGET_NAME)";
				SWIFT_VERSION = 4.0;
				TARGETED_DEVICE_FAMILY = "1,2";
			};
			name = Release;
		};
		50EF1597209CC55100A184F4 /* Debug */ = {
			isa = XCBuildConfiguration;
			buildSettings = {
				ASSETCATALOG_COMPILER_COMPLICATION_NAME = Complication;
				CODE_SIGN_STYLE = Automatic;
				DEVELOPMENT_TEAM = 778N4TU227;
				INFOPLIST_FILE = "TigoWatch Extension/Info.plist";
				LD_RUNPATH_SEARCH_PATHS = (
					"$(inherited)",
					"@executable_path/Frameworks",
					"@executable_path/../../Frameworks",
				);
				PRODUCT_BUNDLE_IDENTIFIER = com.jcapasix.Tigo.watchkitapp.watchkitextension;
				PRODUCT_NAME = "${TARGET_NAME}";
				SDKROOT = watchos;
				SKIP_INSTALL = YES;
				SWIFT_VERSION = 4.0;
				TARGETED_DEVICE_FAMILY = 4;
				WATCHOS_DEPLOYMENT_TARGET = 4.3;
			};
			name = Debug;
		};
		50EF1598209CC55100A184F4 /* Release */ = {
			isa = XCBuildConfiguration;
			buildSettings = {
				ASSETCATALOG_COMPILER_COMPLICATION_NAME = Complication;
				CODE_SIGN_STYLE = Automatic;
				DEVELOPMENT_TEAM = 778N4TU227;
				INFOPLIST_FILE = "TigoWatch Extension/Info.plist";
				LD_RUNPATH_SEARCH_PATHS = (
					"$(inherited)",
					"@executable_path/Frameworks",
					"@executable_path/../../Frameworks",
				);
				PRODUCT_BUNDLE_IDENTIFIER = com.jcapasix.Tigo.watchkitapp.watchkitextension;
				PRODUCT_NAME = "${TARGET_NAME}";
				SDKROOT = watchos;
				SKIP_INSTALL = YES;
				SWIFT_VERSION = 4.0;
				TARGETED_DEVICE_FAMILY = 4;
				WATCHOS_DEPLOYMENT_TARGET = 4.3;
			};
			name = Release;
		};
		50EF159B209CC55100A184F4 /* Debug */ = {
			isa = XCBuildConfiguration;
			buildSettings = {
				ALWAYS_EMBED_SWIFT_STANDARD_LIBRARIES = YES;
				ASSETCATALOG_COMPILER_APPICON_NAME = AppIcon;
				CODE_SIGN_STYLE = Automatic;
				DEVELOPMENT_TEAM = 778N4TU227;
				IBSC_MODULE = TigoWatch_Extension;
				INFOPLIST_FILE = TigoWatch/Info.plist;
				PRODUCT_BUNDLE_IDENTIFIER = com.jcapasix.Tigo.watchkitapp;
				PRODUCT_NAME = "$(TARGET_NAME)";
				SDKROOT = watchos;
				SKIP_INSTALL = YES;
				SWIFT_VERSION = 4.0;
				TARGETED_DEVICE_FAMILY = 4;
				WATCHOS_DEPLOYMENT_TARGET = 4.3;
			};
			name = Debug;
		};
		50EF159C209CC55100A184F4 /* Release */ = {
			isa = XCBuildConfiguration;
			buildSettings = {
				ALWAYS_EMBED_SWIFT_STANDARD_LIBRARIES = YES;
				ASSETCATALOG_COMPILER_APPICON_NAME = AppIcon;
				CODE_SIGN_STYLE = Automatic;
				DEVELOPMENT_TEAM = 778N4TU227;
				IBSC_MODULE = TigoWatch_Extension;
				INFOPLIST_FILE = TigoWatch/Info.plist;
				PRODUCT_BUNDLE_IDENTIFIER = com.jcapasix.Tigo.watchkitapp;
				PRODUCT_NAME = "$(TARGET_NAME)";
				SDKROOT = watchos;
				SKIP_INSTALL = YES;
				SWIFT_VERSION = 4.0;
				TARGETED_DEVICE_FAMILY = 4;
				WATCHOS_DEPLOYMENT_TARGET = 4.3;
			};
			name = Release;
		};
/* End XCBuildConfiguration section */

/* Begin XCConfigurationList section */
		50EF155A209CC22F00A184F4 /* Build configuration list for PBXProject "Tigo" */ = {
			isa = XCConfigurationList;
			buildConfigurations = (
				50EF156F209CC23100A184F4 /* Debug */,
				50EF1570209CC23100A184F4 /* Release */,
			);
			defaultConfigurationIsVisible = 0;
			defaultConfigurationName = Release;
		};
		50EF1571209CC23100A184F4 /* Build configuration list for PBXNativeTarget "Tigo" */ = {
			isa = XCConfigurationList;
			buildConfigurations = (
				50EF1572209CC23100A184F4 /* Debug */,
				50EF1573209CC23100A184F4 /* Release */,
			);
			defaultConfigurationIsVisible = 0;
			defaultConfigurationName = Release;
		};
		50EF1596209CC55100A184F4 /* Build configuration list for PBXNativeTarget "TigoWatch Extension" */ = {
			isa = XCConfigurationList;
			buildConfigurations = (
				50EF1597209CC55100A184F4 /* Debug */,
				50EF1598209CC55100A184F4 /* Release */,
			);
			defaultConfigurationIsVisible = 0;
			defaultConfigurationName = Release;
		};
		50EF159A209CC55100A184F4 /* Build configuration list for PBXNativeTarget "TigoWatch" */ = {
			isa = XCConfigurationList;
			buildConfigurations = (
				50EF159B209CC55100A184F4 /* Debug */,
				50EF159C209CC55100A184F4 /* Release */,
			);
			defaultConfigurationIsVisible = 0;
			defaultConfigurationName = Release;
		};
/* End XCConfigurationList section */
	};
	rootObject = 50EF1557209CC22F00A184F4 /* Project object */;
}
